
Microsoft Visual Studio Solution File, Format Version 12.00
# Visual Studio Version 17
VisualStudioVersion = 17.0.32112.339
MinimumVisualStudioVersion = 10.0.40219.1
Project("{FAE04EC0-301F-11D3-BF4B-00C04F79EFBC}") = "uçusrezervasyonsistemi", "uçusrezervasyonsistemi\uçusrezervasyonsistemi.csproj", "{8EE52103-9777-4BDD-BE6E-55CFA4D1BECA}"
EndProject
Global
	GlobalSection(SolutionConfigurationPlatforms) = preSolution
		Debug|Any CPU = Debug|Any CPU
		Release|Any CPU = Release|Any CPU
	EndGlobalSection
	GlobalSection(ProjectConfigurationPlatforms) = postSolution
		{8EE52103-9777-4BDD-BE6E-55CFA4D1BECA}.Debug|Any CPU.ActiveCfg = Debug|Any CPU
		{8EE52103-9777-4BDD-BE6E-55CFA4D1BECA}.Debug|Any CPU.Build.0 = Debug|Any CPU
		{8EE52103-9777-4BDD-BE6E-55CFA4D1BECA}.Release|Any CPU.ActiveCfg = Release|Any CPU
		{8EE52103-9777-4BDD-BE6E-55CFA4D1BECA}.Release|Any CPU.Build.0 = Release|Any CPU
	EndGlobalSection
	GlobalSection(SolutionProperties) = preSolution
		HideSolutionNode = FALSE
	EndGlobalSection
	GlobalSection(ExtensibilityGlobals) = postSolution
		SolutionGuid = {95210159-E354-4B6F-B761-7E0AA41F160A}
	EndGlobalSection
EndGlobal
